{
  "R": {
    "Version": "4.3.0",
    "Repositories": [
      {
        "Name": "CRAN",
        "URL": "https://cran.rstudio.com"
      }
    ]
  },
  "Packages": {
    "base": {
      "Package": "base",
      "Version": "4.3.0",
      "Source": "Repository",
      "Repository": "CRAN"
    },
  }
}